
Microsoft Visual Studio Solution File, Format Version 12.00
# Visual Studio Version 17
VisualStudioVersion = 17.2.32630.192
MinimumVisualStudioVersion = 10.0.40219.1
Project("{FAE04EC0-301F-11D3-BF4B-00C04F79EFBC}") = "EmployeeCrudApp", "EmployeeCrudApp\EmployeeCrudApp.csproj", "{5D506662-5530-4367-AD1D-7DB8CCA90FF3}"
EndProject
Global
	GlobalSection(SolutionConfigurationPlatforms) = preSolution
		Debug|Any CPU = Debug|Any CPU
		Release|Any CPU = Release|Any CPU
	EndGlobalSection
	GlobalSection(ProjectConfigurationPlatforms) = postSolution
		{5D506662-5530-4367-AD1D-7DB8CCA90FF3}.Debug|Any CPU.ActiveCfg = Debug|Any CPU
		{5D506662-5530-4367-AD1D-7DB8CCA90FF3}.Debug|Any CPU.Build.0 = Debug|Any CPU
		{5D506662-5530-4367-AD1D-7DB8CCA90FF3}.Release|Any CPU.ActiveCfg = Release|Any CPU
		{5D506662-5530-4367-AD1D-7DB8CCA90FF3}.Release|Any CPU.Build.0 = Release|Any CPU
	EndGlobalSection
	GlobalSection(SolutionProperties) = preSolution
		HideSolutionNode = FALSE
	EndGlobalSection
	GlobalSection(ExtensibilityGlobals) = postSolution
		SolutionGuid = {C5115BEF-3EFF-439E-9EBC-8BE171C4DA45}
	EndGlobalSection
EndGlobal
